
Microsoft Visual Studio Solution File, Format Version 12.00
# Visual Studio 15
VisualStudioVersion = 15.0.27130.2027
MinimumVisualStudioVersion = 10.0.40219.1
Project("{E24C65DC-7377-472B-9ABA-BC803B73C61A}") = "MathService", "MathService\", "{DBC5D8B9-D352-48A0-B8EA-C3D92B11A249}"
	ProjectSection(WebsiteProperties) = preProject
		TargetFrameworkMoniker = ".NETFramework,Version%3Dv3.5"
		Debug.AspNetCompiler.VirtualPath = "/localhost_52688"
		Debug.AspNetCompiler.PhysicalPath = "MathService\"
		Debug.AspNetCompiler.TargetPath = "PrecompiledWeb\localhost_52688\"
		Debug.AspNetCompiler.Updateable = "true"
		Debug.AspNetCompiler.ForceOverwrite = "true"
		Debug.AspNetCompiler.FixedNames = "false"
		Debug.AspNetCompiler.Debug = "True"
		Release.AspNetCompiler.VirtualPath = "/localhost_52688"
		Release.AspNetCompiler.PhysicalPath = "MathService\"
		Release.AspNetCompiler.TargetPath = "PrecompiledWeb\localhost_52688\"
		Release.AspNetCompiler.Updateable = "true"
		Release.AspNetCompiler.ForceOverwrite = "true"
		Release.AspNetCompiler.FixedNames = "false"
		Release.AspNetCompiler.Debug = "False"
		VWDPort = "52688"
		SlnRelativePath = "MathService\"
		DefaultWebSiteLanguage = "Visual C#"
	EndProjectSection
EndProject
Global
	GlobalSection(SolutionConfigurationPlatforms) = preSolution
		Debug|Any CPU = Debug|Any CPU
	EndGlobalSection
	GlobalSection(ProjectConfigurationPlatforms) = postSolution
		{DBC5D8B9-D352-48A0-B8EA-C3D92B11A249}.Debug|Any CPU.ActiveCfg = Debug|Any CPU
		{DBC5D8B9-D352-48A0-B8EA-C3D92B11A249}.Debug|Any CPU.Build.0 = Debug|Any CPU
	EndGlobalSection
	GlobalSection(SolutionProperties) = preSolution
		HideSolutionNode = FALSE
	EndGlobalSection
	GlobalSection(ExtensibilityGlobals) = postSolution
		SolutionGuid = {380DBE0C-C929-496D-BF27-0DAA865AA0F7}
	EndGlobalSection
EndGlobal
